<?xml version="1.0" encoding="utf-8"?>
<Project ToolsVersion="4.0" xmlns="http://schemas.microsoft.com/developer/msbuild/2003">
  <ItemGroup>
    <Filter Include="Source Files">
      <UniqueIdentifier>{3fcbf741-d2be-40f6-8eff-ef8984dbc58a}</UniqueIdentifier>
      <Extensions>cpp;c;cxx;rc;def;r;odl;hpj;bat;for;f90</Extensions>
    </Filter>
    <Filter Include="Header Files">
      <UniqueIdentifier>{515b1221-ae78-4590-91bb-c2f936fc01ad}</UniqueIdentifier>
      <Extensions>h;hpp;hxx;hm;inl;fi;fd</Extensions>
    </Filter>
    <Filter Include="Resource Files">
      <UniqueIdentifier>{a151b9b2-1d80-43fe-af8e-60482409d1f0}</UniqueIdentifier>
      <Extensions>ico;cur;bmp;dlg;rc2;rct;bin;cnt;rtf;gif;jpg;jpeg;jpe</Extensions>
    </Filter>
  </ItemGroup>
  <ItemGroup>
    <ClCompile Include="C4.cpp">
      <Filter>Source Files</Filter>
    </ClCompile>
    <ClCompile Include="Date.cpp">
      <Filter>Source Files</Filter>
    </ClCompile>
    <ClCompile Include="fM.cpp">
      <Filter>Source Files</Filter>
    </ClCompile>
    <ClCompile Include="linklist.cpp">
      <Filter>Source Files</Filter>
    </ClCompile>
    <ClCompile Include="select.cpp">
      <Filter>Source Files</Filter>
    </ClCompile>
    <ClCompile Include="str.cpp">
      <Filter>Source Files</Filter>
    </ClCompile>
    <ClCompile Include="table.cpp">
      <Filter>Source Files</Filter>
    </ClCompile>
  </ItemGroup>
  <ItemGroup>
    <ClInclude Include="bt.h">
      <Filter>Header Files</Filter>
    </ClInclude>
    <ClInclude Include="c4.h">
      <Filter>Header Files</Filter>
    </ClInclude>
    <ClInclude Include="Date.h">
      <Filter>Header Files</Filter>
    </ClInclude>
    <ClInclude Include="fM.h">
      <Filter>Header Files</Filter>
    </ClInclude>
    <ClInclude Include="LINKLIST.H">
      <Filter>Header Files</Filter>
    </ClInclude>
    <ClInclude Include="select.h">
      <Filter>Header Files</Filter>
    </ClInclude>
    <ClInclude Include="str.h">
      <Filter>Header Files</Filter>
    </ClInclude>
    <ClInclude Include="table.h">
      <Filter>Header Files</Filter>
    </ClInclude>
    <ClInclude Include="XmlNotify.h">
      <Filter>Header Files</Filter>
    </ClInclude>
    <ClInclude Include="XmlParser.h">
      <Filter>Header Files</Filter>
    </ClInclude>
    <ClInclude Include="XmlStream.h">
      <Filter>Header Files</Filter>
    </ClInclude>
    <ClInclude Include="XmlUtil.h">
      <Filter>Header Files</Filter>
    </ClInclude>
  </ItemGroup>
  <ItemGroup>
    <Text Include="README.txt" />
  </ItemGroup>
</Project>