<?xml version="1.0" encoding="utf-8"?>
<Project ToolsVersion="4.0" xmlns="http://schemas.microsoft.com/developer/msbuild/2003">
  <ItemGroup>
    <Filter Include="Source Files">
      <UniqueIdentifier>{911072ea-7e8e-4b82-b554-3fa903984e1b}</UniqueIdentifier>
      <Extensions>cpp;c;cxx;rc;def;r;odl;idl;hpj;bat</Extensions>
    </Filter>
    <Filter Include="Header Files">
      <UniqueIdentifier>{4927c04b-17cd-4ecd-9be0-b807ca533e6a}</UniqueIdentifier>
      <Extensions>h;hpp;hxx;hm;inl</Extensions>
    </Filter>
    <Filter Include="Resource Files">
      <UniqueIdentifier>{937620ce-9abc-4de2-85e1-59ded1aecdc8}</UniqueIdentifier>
      <Extensions>ico;cur;bmp;dlg;rc2;rct;bin;cnt;rtf;gif;jpg;jpeg;jpe</Extensions>
    </Filter>
  </ItemGroup>
  <ItemGroup>
    <ClCompile Include="AdjustSet.cpp">
      <Filter>Source Files</Filter>
    </ClCompile>
    <ClCompile Include="AreaSet.cpp">
      <Filter>Source Files</Filter>
    </ClCompile>
    <ClCompile Include="CalExSet.cpp">
      <Filter>Source Files</Filter>
    </ClCompile>
    <ClCompile Include="CalSet.cpp">
      <Filter>Source Files</Filter>
    </ClCompile>
    <ClCompile Include="CaseDlg.cpp">
      <Filter>Source Files</Filter>
    </ClCompile>
    <ClCompile Include="CaseSet.cpp">
      <Filter>Source Files</Filter>
    </ClCompile>
    <ClCompile Include="CaseView.cpp">
      <Filter>Source Files</Filter>
    </ClCompile>
    <ClCompile Include="cerror.cpp">
      <Filter>Source Files</Filter>
    </ClCompile>
    <ClCompile Include="CForeDB.CPP">
      <Filter>Source Files</Filter>
    </ClCompile>
    <ClCompile Include="ComputeDlg.cpp">
      <Filter>Source Files</Filter>
    </ClCompile>
    <ClCompile Include="crack.cpp">
      <Filter>Source Files</Filter>
    </ClCompile>
    <ClCompile Include="ctrlext.cpp">
      <Filter>Source Files</Filter>
    </ClCompile>
    <ClCompile Include="DataDlg.cpp">
      <Filter>Source Files</Filter>
    </ClCompile>
    <ClCompile Include="DateSet.cpp">
      <Filter>Source Files</Filter>
    </ClCompile>
    <ClCompile Include="dlgsql.cpp">
      <Filter>Source Files</Filter>
    </ClCompile>
    <ClCompile Include="GeometrySet.cpp">
      <Filter>Source Files</Filter>
    </ClCompile>
    <ClCompile Include="MainFrm.cpp">
      <Filter>Source Files</Filter>
    </ClCompile>
    <ClCompile Include="OptionsDlg.cpp">
      <Filter>Source Files</Filter>
    </ClCompile>
    <ClCompile Include="RateSet.cpp">
      <Filter>Source Files</Filter>
    </ClCompile>
    <ClCompile Include="RefSet.cpp">
      <Filter>Source Files</Filter>
    </ClCompile>
    <ClCompile Include="renamedl.cpp">
      <Filter>Source Files</Filter>
    </ClCompile>
    <ClCompile Include="ResultsSet.cpp">
      <Filter>Source Files</Filter>
    </ClCompile>
    <ClCompile Include="RunDlg.cpp">
      <Filter>Source Files</Filter>
    </ClCompile>
    <ClCompile Include="SampleSet.cpp">
      <Filter>Source Files</Filter>
    </ClCompile>
    <ClCompile Include="SectionSet.cpp">
      <Filter>Source Files</Filter>
    </ClCompile>
    <ClCompile Include="ShutSet.cpp">
      <Filter>Source Files</Filter>
    </ClCompile>
    <ClCompile Include="Splash.cpp">
      <Filter>Source Files</Filter>
    </ClCompile>
    <ClCompile Include="StdAfx.cpp">
      <Filter>Source Files</Filter>
    </ClCompile>
    <ClCompile Include="thread.cpp">
      <Filter>Source Files</Filter>
    </ClCompile>
    <ClCompile Include="vbfore.cpp">
      <Filter>Source Files</Filter>
    </ClCompile>
    <ClCompile Include="WinFore.cpp">
      <Filter>Source Files</Filter>
    </ClCompile>
    <ClCompile Include="WinForeDoc.cpp">
      <Filter>Source Files</Filter>
    </ClCompile>
    <ClCompile Include="WinForeView.cpp">
      <Filter>Source Files</Filter>
    </ClCompile>
  </ItemGroup>
  <ItemGroup>
    <ResourceCompile Include="WinFore.rc">
      <Filter>Source Files</Filter>
    </ResourceCompile>
  </ItemGroup>
  <ItemGroup>
    <ClInclude Include="AdjustSet.h">
      <Filter>Header Files</Filter>
    </ClInclude>
    <ClInclude Include="AreaSet.h">
      <Filter>Header Files</Filter>
    </ClInclude>
    <ClInclude Include="CalExSet.h">
      <Filter>Header Files</Filter>
    </ClInclude>
    <ClInclude Include="CalSet.h">
      <Filter>Header Files</Filter>
    </ClInclude>
    <ClInclude Include="CaseDlg.h">
      <Filter>Header Files</Filter>
    </ClInclude>
    <ClInclude Include="CaseSet.h">
      <Filter>Header Files</Filter>
    </ClInclude>
    <ClInclude Include="CaseView.h">
      <Filter>Header Files</Filter>
    </ClInclude>
    <ClInclude Include="cerror.h">
      <Filter>Header Files</Filter>
    </ClInclude>
    <ClInclude Include="CForeDB.h">
      <Filter>Header Files</Filter>
    </ClInclude>
    <ClInclude Include="ComputeDlg.h">
      <Filter>Header Files</Filter>
    </ClInclude>
    <ClInclude Include="crack.h">
      <Filter>Header Files</Filter>
    </ClInclude>
    <ClInclude Include="ctrlext.h">
      <Filter>Header Files</Filter>
    </ClInclude>
    <ClInclude Include="DataDlg.h">
      <Filter>Header Files</Filter>
    </ClInclude>
    <ClInclude Include="dlgsql.h">
      <Filter>Header Files</Filter>
    </ClInclude>
    <ClInclude Include="GeometrySet.h">
      <Filter>Header Files</Filter>
    </ClInclude>
    <ClInclude Include="MainFrm.h">
      <Filter>Header Files</Filter>
    </ClInclude>
    <ClInclude Include="OptionsDlg.h">
      <Filter>Header Files</Filter>
    </ClInclude>
    <ClInclude Include="RateSet.h">
      <Filter>Header Files</Filter>
    </ClInclude>
    <ClInclude Include="RefSet.h">
      <Filter>Header Files</Filter>
    </ClInclude>
    <ClInclude Include="renamedl.h">
      <Filter>Header Files</Filter>
    </ClInclude>
    <ClInclude Include="Resource.h">
      <Filter>Header Files</Filter>
    </ClInclude>
    <ClInclude Include="ResultsSet.h">
      <Filter>Header Files</Filter>
    </ClInclude>
    <ClInclude Include="RunDlg.h">
      <Filter>Header Files</Filter>
    </ClInclude>
    <ClInclude Include="SampleSet.h">
      <Filter>Header Files</Filter>
    </ClInclude>
    <ClInclude Include="SectionSet.h">
      <Filter>Header Files</Filter>
    </ClInclude>
    <ClInclude Include="ShutSet.h">
      <Filter>Header Files</Filter>
    </ClInclude>
    <ClInclude Include="Splash.h">
      <Filter>Header Files</Filter>
    </ClInclude>
    <ClInclude Include="StdAfx.h">
      <Filter>Header Files</Filter>
    </ClInclude>
    <ClInclude Include="thread.h">
      <Filter>Header Files</Filter>
    </ClInclude>
    <ClInclude Include="vbfore.h">
      <Filter>Header Files</Filter>
    </ClInclude>
    <ClInclude Include="WinFore.h">
      <Filter>Header Files</Filter>
    </ClInclude>
    <ClInclude Include="WinForeDoc.h">
      <Filter>Header Files</Filter>
    </ClInclude>
    <ClInclude Include="WinForeView.h">
      <Filter>Header Files</Filter>
    </ClInclude>
  </ItemGroup>
  <ItemGroup>
    <Image Include="res\bitmap1.bmp">
      <Filter>Resource Files</Filter>
    </Image>
    <Image Include="Edit.ico">
      <Filter>Resource Files</Filter>
    </Image>
    <Image Include="Folder01.ico">
      <Filter>Resource Files</Filter>
    </Image>
    <Image Include="Folder02.ico">
      <Filter>Resource Files</Filter>
    </Image>
    <Image Include="Graph03.ico">
      <Filter>Resource Files</Filter>
    </Image>
    <Image Include="res\icon1.ico">
      <Filter>Resource Files</Filter>
    </Image>
    <Image Include="res\miner.bmp">
      <Filter>Resource Files</Filter>
    </Image>
    <Image Include="Note12.ico">
      <Filter>Resource Files</Filter>
    </Image>
    <Image Include="res\smallico.bmp">
      <Filter>Resource Files</Filter>
    </Image>
    <Image Include="res\Splash.bmp">
      <Filter>Resource Files</Filter>
    </Image>
    <Image Include="Splsh16.bmp">
      <Filter>Resource Files</Filter>
    </Image>
    <Image Include="Sql.ico">
      <Filter>Resource Files</Filter>
    </Image>
    <Image Include="Trffc10a.ico">
      <Filter>Resource Files</Filter>
    </Image>
    <Image Include="res\WinFore.ico">
      <Filter>Resource Files</Filter>
    </Image>
    <Image Include="res\WinForeDoc.ico">
      <Filter>Resource Files</Filter>
    </Image>
  </ItemGroup>
  <ItemGroup>
    <Text Include="ReadMe.txt" />
  </ItemGroup>
  <ItemGroup>
    <CustomBuild Include="res\WinFore.rc2">
      <Filter>Resource Files</Filter>
    </CustomBuild>
    <CustomBuild Include="WinFore.reg" />
  </ItemGroup>
</Project>